
Microsoft Visual Studio Solution File, Format Version 12.00
# Visual Studio 15
VisualStudioVersion = 15.0.28307.779
MinimumVisualStudioVersion = 10.0.40219.1
Project("{9A19103F-16F7-4668-BE54-9A1E7A4F7556}") = "Website", "Website\Website.csproj", "{7DEB36CA-7747-4EFF-ABDF-1AB005F9BF02}"
EndProject
Project("{FAE04EC0-301F-11D3-BF4B-00C04F79EFBC}") = "UnitTestProject", "UnitTestProject\UnitTestProject.csproj", "{9C3FCE0C-5F50-4BBB-929C-0F51E0DFB56B}"
EndProject
Global
	GlobalSection(SolutionConfigurationPlatforms) = preSolution
		Debug|Any CPU = Debug|Any CPU
		Release|Any CPU = Release|Any CPU
	EndGlobalSection
	GlobalSection(ProjectConfigurationPlatforms) = postSolution
		{7DEB36CA-7747-4EFF-ABDF-1AB005F9BF02}.Debug|Any CPU.ActiveCfg = Debug|Any CPU
		{7DEB36CA-7747-4EFF-ABDF-1AB005F9BF02}.Debug|Any CPU.Build.0 = Debug|Any CPU
		{7DEB36CA-7747-4EFF-ABDF-1AB005F9BF02}.Release|Any CPU.ActiveCfg = Release|Any CPU
		{7DEB36CA-7747-4EFF-ABDF-1AB005F9BF02}.Release|Any CPU.Build.0 = Release|Any CPU
		{9C3FCE0C-5F50-4BBB-929C-0F51E0DFB56B}.Debug|Any CPU.ActiveCfg = Debug|Any CPU
		{9C3FCE0C-5F50-4BBB-929C-0F51E0DFB56B}.Debug|Any CPU.Build.0 = Debug|Any CPU
		{9C3FCE0C-5F50-4BBB-929C-0F51E0DFB56B}.Release|Any CPU.ActiveCfg = Release|Any CPU
		{9C3FCE0C-5F50-4BBB-929C-0F51E0DFB56B}.Release|Any CPU.Build.0 = Release|Any CPU
	EndGlobalSection
	GlobalSection(SolutionProperties) = preSolution
		HideSolutionNode = FALSE
	EndGlobalSection
	GlobalSection(ExtensibilityGlobals) = postSolution
		SolutionGuid = {56524C45-66B8-4E8D-A43D-737EC5009C67}
	EndGlobalSection
EndGlobal
